// !$*UTF8*$!
{
	archiveVersion = 1;
	classes = {
	};
	objectVersion = 46;
	objects = {

/* Begin PBXBuildFile section */
		144FBD361A484FF700A68FC3 /* Clock_Punch.xcdatamodeld in Sources */ = {isa = PBXBuildFile; fileRef = 144FBD341A484FF700A68FC3 /* Clock_Punch.xcdatamodeld */; };
		144FBD371A484FF700A68FC3 /* Clock_Punch.xcdatamodeld in Sources */ = {isa = PBXBuildFile; fileRef = 144FBD341A484FF700A68FC3 /* Clock_Punch.xcdatamodeld */; };
		14D4F9B51A495DD1008BED22 /* Address1.gpx in Resources */ = {isa = PBXBuildFile; fileRef = 14D4F9B31A495DD1008BED22 /* Address1.gpx */; };
		14D4F9B61A495DD1008BED22 /* Address1.gpx in Resources */ = {isa = PBXBuildFile; fileRef = 14D4F9B31A495DD1008BED22 /* Address1.gpx */; };
		14D4F9B71A495DD1008BED22 /* Address2.gpx in Resources */ = {isa = PBXBuildFile; fileRef = 14D4F9B41A495DD1008BED22 /* Address2.gpx */; };
		14D4F9B81A495DD1008BED22 /* Address2.gpx in Resources */ = {isa = PBXBuildFile; fileRef = 14D4F9B41A495DD1008BED22 /* Address2.gpx */; };
		14D4FA2B1A4ACBB9008BED22 /* CoreData.framework in Frameworks */ = {isa = PBXBuildFile; fileRef = 14D4FA2A1A4ACBB9008BED22 /* CoreData.framework */; };
		14D4FA3A1A4AD9EA008BED22 /* Punch.m in Sources */ = {isa = PBXBuildFile; fileRef = 14D4FA391A4AD9EA008BED22 /* Punch.m */; };
		14D4FA3B1A4AD9EA008BED22 /* Punch.m in Sources */ = {isa = PBXBuildFile; fileRef = 14D4FA391A4AD9EA008BED22 /* Punch.m */; };
		6E30C8811A4220B0004EB456 /* NSDate+Formatted.m in Sources */ = {isa = PBXBuildFile; fileRef = 6E30C8801A4220B0004EB456 /* NSDate+Formatted.m */; };
		6E30C8821A4220B0004EB456 /* NSDate+Formatted.m in Sources */ = {isa = PBXBuildFile; fileRef = 6E30C8801A4220B0004EB456 /* NSDate+Formatted.m */; };
		6E30C88B1A43F385004EB456 /* Crashlytics.framework in Frameworks */ = {isa = PBXBuildFile; fileRef = 6E30C88A1A43F385004EB456 /* Crashlytics.framework */; };
		6E30C88C1A43F385004EB456 /* Crashlytics.framework in Frameworks */ = {isa = PBXBuildFile; fileRef = 6E30C88A1A43F385004EB456 /* Crashlytics.framework */; };
		6E5BDA531A37BE1800421C31 /* main.m in Sources */ = {isa = PBXBuildFile; fileRef = 6E5BDA521A37BE1800421C31 /* main.m */; };
		6E5BDA561A37BE1800421C31 /* AppDelegate.m in Sources */ = {isa = PBXBuildFile; fileRef = 6E5BDA551A37BE1800421C31 /* AppDelegate.m */; };
		6E5BDA591A37BE1800421C31 /* ClockPunchVC.m in Sources */ = {isa = PBXBuildFile; fileRef = 6E5BDA581A37BE1800421C31 /* ClockPunchVC.m */; };
		6E5BDA5F1A37BE1800421C31 /* Main.storyboard in Resources */ = {isa = PBXBuildFile; fileRef = 6E5BDA5D1A37BE1800421C31 /* Main.storyboard */; };
		6E5BDA611A37BE1800421C31 /* Images.xcassets in Resources */ = {isa = PBXBuildFile; fileRef = 6E5BDA601A37BE1800421C31 /* Images.xcassets */; };
		6E5BDA641A37BE1800421C31 /* LaunchScreen.xib in Resources */ = {isa = PBXBuildFile; fileRef = 6E5BDA621A37BE1800421C31 /* LaunchScreen.xib */; };
		6E5BDA701A37BE1800421C31 /* ClockPunchTests.m in Sources */ = {isa = PBXBuildFile; fileRef = 6E5BDA6F1A37BE1800421C31 /* ClockPunchTests.m */; };
		6E5BDA7A1A37BE3900421C31 /* CoreLocation.framework in Frameworks */ = {isa = PBXBuildFile; fileRef = 6E5BDA791A37BE3900421C31 /* CoreLocation.framework */; };
		FE49107613F5AC82FE279026 /* Localizable.strings in Resources */ = {isa = PBXBuildFile; fileRef = FE49111B27ECA0B5AE554B56 /* Localizable.strings */; };
		FE491D9BB1992307624A2E1D /* Localizable.strings in Resources */ = {isa = PBXBuildFile; fileRef = FE49111B27ECA0B5AE554B56 /* Localizable.strings */; };
/* End PBXBuildFile section */

/* Begin PBXContainerItemProxy section */
		6E5BDA6A1A37BE1800421C31 /* PBXContainerItemProxy */ = {
			isa = PBXContainerItemProxy;
			containerPortal = 6E5BDA451A37BE1800421C31 /* Project object */;
			proxyType = 1;
			remoteGlobalIDString = 6E5BDA4C1A37BE1800421C31;
			remoteInfo = ClockPunch;
		};
/* End PBXContainerItemProxy section */

/* Begin PBXFileReference section */
		14D4F9B31A495DD1008BED22 /* Address1.gpx */ = {isa = PBXFileReference; fileEncoding = 4; lastKnownFileType = text.xml; path = Address1.gpx; sourceTree = "<group>"; };
		14D4F9B41A495DD1008BED22 /* Address2.gpx */ = {isa = PBXFileReference; fileEncoding = 4; lastKnownFileType = text.xml; path = Address2.gpx; sourceTree = "<group>"; };
		6E30C87F1A4220B0004EB456 /* NSDate+Formatted.h */ = {isa = PBXFileReference; fileEncoding = 4; lastKnownFileType = sourcecode.c.h; path = "NSDate+Formatted.h"; sourceTree = "<group>"; };
		6E30C8801A4220B0004EB456 /* NSDate+Formatted.m */ = {isa = PBXFileReference; fileEncoding = 4; lastKnownFileType = sourcecode.c.objc; path = "NSDate+Formatted.m"; sourceTree = "<group>"; };
		6E30C88A1A43F385004EB456 /* Crashlytics.framework */ = {isa = PBXFileReference; lastKnownFileType = wrapper.framework; path = Crashlytics.framework; sourceTree = SOURCE_ROOT; };
		6E5BDA4D1A37BE1800421C31 /* ClockPunch.app */ = {isa = PBXFileReference; explicitFileType = wrapper.application; includeInIndex = 0; path = ClockPunch.app; sourceTree = BUILT_PRODUCTS_DIR; };
		6E5BDA511A37BE1800421C31 /* Info.plist */ = {isa = PBXFileReference; lastKnownFileType = text.plist.xml; path = Info.plist; sourceTree = "<group>"; };
		6E5BDA521A37BE1800421C31 /* main.m */ = {isa = PBXFileReference; lastKnownFileType = sourcecode.c.objc; path = main.m; sourceTree = "<group>"; };
		6E5BDA541A37BE1800421C31 /* AppDelegate.h */ = {isa = PBXFileReference; lastKnownFileType = sourcecode.c.h; path = AppDelegate.h; sourceTree = "<group>"; };
		6E5BDA551A37BE1800421C31 /* AppDelegate.m */ = {isa = PBXFileReference; lastKnownFileType = sourcecode.c.objc; path = AppDelegate.m; sourceTree = "<group>"; };
		6E5BDA571A37BE1800421C31 /* ClockPunchVC.h */ = {isa = PBXFileReference; lastKnownFileType = sourcecode.c.h; path = ClockPunchVC.h; sourceTree = "<group>"; };
		6E5BDA581A37BE1800421C31 /* ClockPunchVC.m */ = {isa = PBXFileReference; lastKnownFileType = sourcecode.c.objc; path = ClockPunchVC.m; sourceTree = "<group>"; };
		6E5BDA5E1A37BE1800421C31 /* Base */ = {isa = PBXFileReference; lastKnownFileType = file.storyboard; name = Base; path = Base.lproj/Main.storyboard; sourceTree = "<group>"; };
		6E5BDA601A37BE1800421C31 /* Images.xcassets */ = {isa = PBXFileReference; lastKnownFileType = folder.assetcatalog; path = Images.xcassets; sourceTree = "<group>"; };
		6E5BDA631A37BE1800421C31 /* Base */ = {isa = PBXFileReference; lastKnownFileType = file.xib; name = Base; path = Base.lproj/LaunchScreen.xib; sourceTree = "<group>"; };
		6E5BDA691A37BE1800421C31 /* ClockPunchTests.xctest */ = {isa = PBXFileReference; explicitFileType = wrapper.cfbundle; includeInIndex = 0; path = ClockPunchTests.xctest; sourceTree = BUILT_PRODUCTS_DIR; };
		6E5BDA6E1A37BE1800421C31 /* Info.plist */ = {isa = PBXFileReference; lastKnownFileType = text.plist.xml; path = Info.plist; sourceTree = "<group>"; };
		6E5BDA6F1A37BE1800421C31 /* ClockPunchTests.m */ = {isa = PBXFileReference; lastKnownFileType = sourcecode.c.objc; path = ClockPunchTests.m; sourceTree = "<group>"; };
		6E5BDA791A37BE3900421C31 /* CoreLocation.framework */ = {isa = PBXFileReference; lastKnownFileType = wrapper.framework; name = CoreLocation.framework; path = System/Library/Frameworks/CoreLocation.framework; sourceTree = SDKROOT; };
		FE49111B27ECA0B5AE554B56 /* Localizable.strings */ = {isa = PBXFileReference; fileEncoding = 4; lastKnownFileType = text.plist.strings; path = Localizable.strings; sourceTree = "<group>"; };
/* End PBXFileReference section */

/* Begin PBXFrameworksBuildPhase section */
		6E5BDA4A1A37BE1800421C31 /* Frameworks */ = {
			isa = PBXFrameworksBuildPhase;
			buildActionMask = 2147483647;
			files = (
				6E30C88B1A43F385004EB456 /* Crashlytics.framework in Frameworks */,
				6E5BDA7A1A37BE3900421C31 /* CoreLocation.framework in Frameworks */,
			);
			runOnlyForDeploymentPostprocessing = 0;
		};
		6E5BDA661A37BE1800421C31 /* Frameworks */ = {
			isa = PBXFrameworksBuildPhase;
			buildActionMask = 2147483647;
			files = (
				6E30C88C1A43F385004EB456 /* Crashlytics.framework in Frameworks */,
			);
			runOnlyForDeploymentPostprocessing = 0;
		};
/* End PBXFrameworksBuildPhase section */

/* Begin PBXGroup section */
		6E5BDA441A37BE1800421C31 = {
			isa = PBXGroup;
			children = (
				6E5BDA4F1A37BE1800421C31 /* ClockPunch */,
				6E30C88A1A43F385004EB456 /* Crashlytics.framework */,
				6E5BDA791A37BE3900421C31 /* CoreLocation.framework */,
				6E5BDA6C1A37BE1800421C31 /* ClockPunchTests */,
				6E5BDA4E1A37BE1800421C31 /* Products */,
			);
			sourceTree = "<group>";
		};
		6E5BDA4E1A37BE1800421C31 /* Products */ = {
			isa = PBXGroup;
			children = (
				6E5BDA4D1A37BE1800421C31 /* ClockPunch.app */,
				6E5BDA691A37BE1800421C31 /* ClockPunchTests.xctest */,
			);
			name = Products;
			sourceTree = "<group>";
		};
		6E5BDA4F1A37BE1800421C31 /* ClockPunch */ = {
			isa = PBXGroup;
			children = (
				6E5BDA541A37BE1800421C31 /* AppDelegate.h */,
				6E5BDA551A37BE1800421C31 /* AppDelegate.m */,
				6E30C87F1A4220B0004EB456 /* NSDate+Formatted.h */,
				6E30C8801A4220B0004EB456 /* NSDate+Formatted.m */,
				6E5BDA571A37BE1800421C31 /* ClockPunchVC.h */,
				6E5BDA581A37BE1800421C31 /* ClockPunchVC.m */,
				6E5BDA5D1A37BE1800421C31 /* Main.storyboard */,
				6E5BDA601A37BE1800421C31 /* Images.xcassets */,
				6E5BDA621A37BE1800421C31 /* LaunchScreen.xib */,
				6E5BDA501A37BE1800421C31 /* Supporting Files */,
			);
			path = ClockPunch;
			sourceTree = "<group>";
		};
		6E5BDA501A37BE1800421C31 /* Supporting Files */ = {
			isa = PBXGroup;
			children = (
				14D4F9B31A495DD1008BED22 /* Address1.gpx */,
				14D4F9B41A495DD1008BED22 /* Address2.gpx */,
				FE49111B27ECA0B5AE554B56 /* Localizable.strings */,
				6E5BDA511A37BE1800421C31 /* Info.plist */,
				6E5BDA521A37BE1800421C31 /* main.m */,
			);
			name = "Supporting Files";
			sourceTree = "<group>";
		};
		6E5BDA6C1A37BE1800421C31 /* ClockPunchTests */ = {
			isa = PBXGroup;
			children = (
				6E5BDA6F1A37BE1800421C31 /* ClockPunchTests.m */,
				6E5BDA6D1A37BE1800421C31 /* Supporting Files */,
			);
			path = ClockPunchTests;
			sourceTree = "<group>";
		};
		6E5BDA6D1A37BE1800421C31 /* Supporting Files */ = {
			isa = PBXGroup;
			children = (
				6E5BDA6E1A37BE1800421C31 /* Info.plist */,
			);
			name = "Supporting Files";
			sourceTree = "<group>";
		};
/* End PBXGroup section */

/* Begin PBXNativeTarget section */
		6E5BDA4C1A37BE1800421C31 /* ClockPunch */ = {
			isa = PBXNativeTarget;
			buildConfigurationList = 6E5BDA731A37BE1800421C31 /* Build configuration list for PBXNativeTarget "ClockPunch" */;
			buildPhases = (
				6E5BDA491A37BE1800421C31 /* Sources */,
				6E5BDA4A1A37BE1800421C31 /* Frameworks */,
				6E5BDA4B1A37BE1800421C31 /* Resources */,
				6E30C8891A43F355004EB456 /* ShellScript */,
			);
			buildRules = (
			);
			dependencies = (
			);
			name = ClockPunch;
			productName = ClockPunch;
			productReference = 6E5BDA4D1A37BE1800421C31 /* ClockPunch.app */;
			productType = "com.apple.product-type.application";
		};
		6E5BDA681A37BE1800421C31 /* ClockPunchTests */ = {
			isa = PBXNativeTarget;
			buildConfigurationList = 6E5BDA761A37BE1800421C31 /* Build configuration list for PBXNativeTarget "ClockPunchTests" */;
			buildPhases = (
				6E5BDA651A37BE1800421C31 /* Sources */,
				6E5BDA661A37BE1800421C31 /* Frameworks */,
				6E5BDA671A37BE1800421C31 /* Resources */,
			);
			buildRules = (
			);
			dependencies = (
				6E5BDA6B1A37BE1800421C31 /* PBXTargetDependency */,
			);
			name = ClockPunchTests;
			productName = ClockPunchTests;
			productReference = 6E5BDA691A37BE1800421C31 /* ClockPunchTests.xctest */;
			productType = "com.apple.product-type.bundle.unit-test";
		};
/* End PBXNativeTarget section */

/* Begin PBXProject section */
		6E5BDA451A37BE1800421C31 /* Project object */ = {
			isa = PBXProject;
			attributes = {
				LastUpgradeCheck = 0610;
				ORGANIZATIONNAME = "Aldo Castro";
				TargetAttributes = {
					6E5BDA4C1A37BE1800421C31 = {
						CreatedOnToolsVersion = 6.1.1;
						SystemCapabilities = {
							com.apple.BackgroundModes = {
								enabled = 1;
							};
						};
					};
					6E5BDA681A37BE1800421C31 = {
						CreatedOnToolsVersion = 6.1.1;
						TestTargetID = 6E5BDA4C1A37BE1800421C31;
					};
				};
			};
			buildConfigurationList = 6E5BDA481A37BE1800421C31 /* Build configuration list for PBXProject "ClockPunch" */;
			compatibilityVersion = "Xcode 3.2";
			developmentRegion = English;
			hasScannedForEncodings = 0;
			knownRegions = (
				en,
				Base,
			);
			mainGroup = 6E5BDA441A37BE1800421C31;
			productRefGroup = 6E5BDA4E1A37BE1800421C31 /* Products */;
			projectDirPath = "";
			projectRoot = "";
			targets = (
				6E5BDA4C1A37BE1800421C31 /* ClockPunch */,
				6E5BDA681A37BE1800421C31 /* ClockPunchTests */,
			);
		};
/* End PBXProject section */

/* Begin PBXResourcesBuildPhase section */
		6E5BDA4B1A37BE1800421C31 /* Resources */ = {
			isa = PBXResourcesBuildPhase;
			buildActionMask = 2147483647;
			files = (
				6E5BDA5F1A37BE1800421C31 /* Main.storyboard in Resources */,
				14D4F9B71A495DD1008BED22 /* Address2.gpx in Resources */,
				6E5BDA641A37BE1800421C31 /* LaunchScreen.xib in Resources */,
				6E5BDA611A37BE1800421C31 /* Images.xcassets in Resources */,
				14D4F9B51A495DD1008BED22 /* Address1.gpx in Resources */,
				FE49107613F5AC82FE279026 /* Localizable.strings in Resources */,
			);
			runOnlyForDeploymentPostprocessing = 0;
		};
		6E5BDA671A37BE1800421C31 /* Resources */ = {
			isa = PBXResourcesBuildPhase;
			buildActionMask = 2147483647;
			files = (
				14D4F9B61A495DD1008BED22 /* Address1.gpx in Resources */,
				14D4F9B81A495DD1008BED22 /* Address2.gpx in Resources */,
				FE491D9BB1992307624A2E1D /* Localizable.strings in Resources */,
			);
			runOnlyForDeploymentPostprocessing = 0;
		};
/* End PBXResourcesBuildPhase section */

/* Begin PBXShellScriptBuildPhase section */
		6E30C8891A43F355004EB456 /* ShellScript */ = {
			isa = PBXShellScriptBuildPhase;
			buildActionMask = 2147483647;
			files = (
			);
			inputPaths = (
			);
			outputPaths = (
			);
			runOnlyForDeploymentPostprocessing = 0;
			shellPath = /bin/sh;
			shellScript = "./Crashlytics.framework/run ab73dc3c453231c8f2badc031b8e8a6a76247f70 5276528184073c4918813c520908cd3a63c64da148a5b23d0ae7d2da6e1f91e3";
		};
/* End PBXShellScriptBuildPhase section */

/* Begin PBXSourcesBuildPhase section */
		6E5BDA491A37BE1800421C31 /* Sources */ = {
			isa = PBXSourcesBuildPhase;
			buildActionMask = 2147483647;
			files = (
				6E30C8811A4220B0004EB456 /* NSDate+Formatted.m in Sources */,
				6E5BDA561A37BE1800421C31 /* AppDelegate.m in Sources */,
				6E5BDA591A37BE1800421C31 /* ClockPunchVC.m in Sources */,
				6E5BDA531A37BE1800421C31 /* main.m in Sources */,
			);
			runOnlyForDeploymentPostprocessing = 0;
		};
		6E5BDA651A37BE1800421C31 /* Sources */ = {
			isa = PBXSourcesBuildPhase;
			buildActionMask = 2147483647;
			files = (
				6E5BDA701A37BE1800421C31 /* ClockPunchTests.m in Sources */,
				6E30C8821A4220B0004EB456 /* NSDate+Formatted.m in Sources */,
			);
			runOnlyForDeploymentPostprocessing = 0;
		};
/* End PBXSourcesBuildPhase section */

/* Begin PBXTargetDependency section */
		6E5BDA6B1A37BE1800421C31 /* PBXTargetDependency */ = {
			isa = PBXTargetDependency;
			target = 6E5BDA4C1A37BE1800421C31 /* ClockPunch */;
			targetProxy = 6E5BDA6A1A37BE1800421C31 /* PBXContainerItemProxy */;
		};
/* End PBXTargetDependency section */

/* Begin PBXVariantGroup section */
		6E5BDA5D1A37BE1800421C31 /* Main.storyboard */ = {
			isa = PBXVariantGroup;
			children = (
				6E5BDA5E1A37BE1800421C31 /* Base */,
			);
			name = Main.storyboard;
			sourceTree = "<group>";
		};
		6E5BDA621A37BE1800421C31 /* LaunchScreen.xib */ = {
			isa = PBXVariantGroup;
			children = (
				6E5BDA631A37BE1800421C31 /* Base */,
			);
			name = LaunchScreen.xib;
			sourceTree = "<group>";
		};
/* End PBXVariantGroup section */

/* Begin XCBuildConfiguration section */
		6E5BDA711A37BE1800421C31 /* Debug */ = {
			isa = XCBuildConfiguration;
			buildSettings = {
				ALWAYS_SEARCH_USER_PATHS = NO;
				CLANG_CXX_LANGUAGE_STANDARD = "gnu++0x";
				CLANG_CXX_LIBRARY = "libc++";
				CLANG_ENABLE_MODULES = YES;
				CLANG_ENABLE_OBJC_ARC = YES;
				CLANG_WARN_BOOL_CONVERSION = YES;
				CLANG_WARN_CONSTANT_CONVERSION = YES;
				CLANG_WARN_DIRECT_OBJC_ISA_USAGE = YES_ERROR;
				CLANG_WARN_EMPTY_BODY = YES;
				CLANG_WARN_ENUM_CONVERSION = YES;
				CLANG_WARN_INT_CONVERSION = YES;
				CLANG_WARN_OBJC_ROOT_CLASS = YES_ERROR;
				CLANG_WARN_UNREACHABLE_CODE = YES;
				CLANG_WARN__DUPLICATE_METHOD_MATCH = YES;
				"CODE_SIGN_IDENTITY[sdk=iphoneos*]" = "iPhone Developer";
				COPY_PHASE_STRIP = NO;
				ENABLE_STRICT_OBJC_MSGSEND = YES;
				GCC_C_LANGUAGE_STANDARD = gnu99;
				GCC_DYNAMIC_NO_PIC = NO;
				GCC_OPTIMIZATION_LEVEL = 0;
				GCC_PREPROCESSOR_DEFINITIONS = (
					"DEBUG=1",
					"$(inherited)",
				);
				GCC_SYMBOLS_PRIVATE_EXTERN = NO;
				GCC_WARN_64_TO_32_BIT_CONVERSION = YES;
				GCC_WARN_ABOUT_RETURN_TYPE = YES_ERROR;
				GCC_WARN_UNDECLARED_SELECTOR = YES;
				GCC_WARN_UNINITIALIZED_AUTOS = YES_AGGRESSIVE;
				GCC_WARN_UNUSED_FUNCTION = YES;
				GCC_WARN_UNUSED_VARIABLE = YES;
				IPHONEOS_DEPLOYMENT_TARGET = 8.1;
				MTL_ENABLE_DEBUG_INFO = YES;
				ONLY_ACTIVE_ARCH = YES;
				SDKROOT = iphoneos;
			};
			name = Debug;
		};
		6E5BDA721A37BE1800421C31 /* Release */ = {
			isa = XCBuildConfiguration;
			buildSettings = {
				ALWAYS_SEARCH_USER_PATHS = NO;
				CLANG_CXX_LANGUAGE_STANDARD = "gnu++0x";
				CLANG_CXX_LIBRARY = "libc++";
				CLANG_ENABLE_MODULES = YES;
				CLANG_ENABLE_OBJC_ARC = YES;
				CLANG_WARN_BOOL_CONVERSION = YES;
				CLANG_WARN_CONSTANT_CONVERSION = YES;
				CLANG_WARN_DIRECT_OBJC_ISA_USAGE = YES_ERROR;
				CLANG_WARN_EMPTY_BODY = YES;
				CLANG_WARN_ENUM_CONVERSION = YES;
				CLANG_WARN_INT_CONVERSION = YES;
				CLANG_WARN_OBJC_ROOT_CLASS = YES_ERROR;
				CLANG_WARN_UNREACHABLE_CODE = YES;
				CLANG_WARN__DUPLICATE_METHOD_MATCH = YES;
				"CODE_SIGN_IDENTITY[sdk=iphoneos*]" = "iPhone Developer";
				COPY_PHASE_STRIP = YES;
				ENABLE_NS_ASSERTIONS = NO;
				ENABLE_STRICT_OBJC_MSGSEND = YES;
				GCC_C_LANGUAGE_STANDARD = gnu99;
				GCC_WARN_64_TO_32_BIT_CONVERSION = YES;
				GCC_WARN_ABOUT_RETURN_TYPE = YES_ERROR;
				GCC_WARN_UNDECLARED_SELECTOR = YES;
				GCC_WARN_UNINITIALIZED_AUTOS = YES_AGGRESSIVE;
				GCC_WARN_UNUSED_FUNCTION = YES;
				GCC_WARN_UNUSED_VARIABLE = YES;
				IPHONEOS_DEPLOYMENT_TARGET = 8.1;
				MTL_ENABLE_DEBUG_INFO = NO;
				SDKROOT = iphoneos;
				VALIDATE_PRODUCT = YES;
			};
			name = Release;
		};
		6E5BDA741A37BE1800421C31 /* Debug */ = {
			isa = XCBuildConfiguration;
			buildSettings = {
				ASSETCATALOG_COMPILER_APPICON_NAME = AppIcon;
				CODE_SIGN_IDENTITY = "iPhone Developer: Aldo Castro (EJ9PY36MU8)";
				FRAMEWORK_SEARCH_PATHS = (
					"$(inherited)",
					"$(PROJECT_DIR)",
				);
				INFOPLIST_FILE = ClockPunch/Info.plist;
				LD_RUNPATH_SEARCH_PATHS = "$(inherited) @executable_path/Frameworks";
				PRODUCT_NAME = "$(TARGET_NAME)";
				PROVISIONING_PROFILE = "4b5e2f28-bd81-4e6b-9ee4-8a883af18ec3";
			};
			name = Debug;
		};
		6E5BDA751A37BE1800421C31 /* Release */ = {
			isa = XCBuildConfiguration;
			buildSettings = {
				ASSETCATALOG_COMPILER_APPICON_NAME = AppIcon;
				CODE_SIGN_IDENTITY = "iPhone Developer: Aldo Castro (EJ9PY36MU8)";
				FRAMEWORK_SEARCH_PATHS = (
					"$(inherited)",
					"$(PROJECT_DIR)",
				);
				INFOPLIST_FILE = ClockPunch/Info.plist;
				LD_RUNPATH_SEARCH_PATHS = "$(inherited) @executable_path/Frameworks";
				PRODUCT_NAME = "$(TARGET_NAME)";
				PROVISIONING_PROFILE = "4b5e2f28-bd81-4e6b-9ee4-8a883af18ec3";
			};
			name = Release;
		};
		6E5BDA771A37BE1800421C31 /* Debug */ = {
			isa = XCBuildConfiguration;
			buildSettings = {
				BUNDLE_LOADER = "$(TEST_HOST)";
				FRAMEWORK_SEARCH_PATHS = (
					"$(SDKROOT)/Developer/Library/Frameworks",
					"$(inherited)",
					"$(PROJECT_DIR)",
				);
				GCC_PREPROCESSOR_DEFINITIONS = (
					"DEBUG=1",
					"$(inherited)",
				);
				INFOPLIST_FILE = ClockPunchTests/Info.plist;
				LD_RUNPATH_SEARCH_PATHS = "$(inherited) @executable_path/Frameworks @loader_path/Frameworks";
				PRODUCT_NAME = "$(TARGET_NAME)";
				TEST_HOST = "$(BUILT_PRODUCTS_DIR)/ClockPunch.app/ClockPunch";
			};
			name = Debug;
		};
		6E5BDA781A37BE1800421C31 /* Release */ = {
			isa = XCBuildConfiguration;
			buildSettings = {
				BUNDLE_LOADER = "$(TEST_HOST)";
				FRAMEWORK_SEARCH_PATHS = (
					"$(SDKROOT)/Developer/Library/Frameworks",
					"$(inherited)",
					"$(PROJECT_DIR)",
				);
				INFOPLIST_FILE = ClockPunchTests/Info.plist;
				LD_RUNPATH_SEARCH_PATHS = "$(inherited) @executable_path/Frameworks @loader_path/Frameworks";
				PRODUCT_NAME = "$(TARGET_NAME)";
				TEST_HOST = "$(BUILT_PRODUCTS_DIR)/ClockPunch.app/ClockPunch";
			};
			name = Release;
		};
/* End XCBuildConfiguration section */

/* Begin XCConfigurationList section */
		6E5BDA481A37BE1800421C31 /* Build configuration list for PBXProject "ClockPunch" */ = {
			isa = XCConfigurationList;
			buildConfigurations = (
				6E5BDA711A37BE1800421C31 /* Debug */,
				6E5BDA721A37BE1800421C31 /* Release */,
			);
			defaultConfigurationIsVisible = 0;
			defaultConfigurationName = Release;
		};
		6E5BDA731A37BE1800421C31 /* Build configuration list for PBXNativeTarget "ClockPunch" */ = {
			isa = XCConfigurationList;
			buildConfigurations = (
				6E5BDA741A37BE1800421C31 /* Debug */,
				6E5BDA751A37BE1800421C31 /* Release */,
			);
			defaultConfigurationIsVisible = 0;
			defaultConfigurationName = Release;
		};
		6E5BDA761A37BE1800421C31 /* Build configuration list for PBXNativeTarget "ClockPunchTests" */ = {
			isa = XCConfigurationList;
			buildConfigurations = (
				6E5BDA771A37BE1800421C31 /* Debug */,
				6E5BDA781A37BE1800421C31 /* Release */,
			);
			defaultConfigurationIsVisible = 0;
			defaultConfigurationName = Release;
		};
/* End XCConfigurationList section */

/* Begin XCVersionGroup section */
			isa = XCVersionGroup;
			children = (
			);
			sourceTree = "<group>";
			versionGroupType = wrapper.xcdatamodel;
		};
/* End XCVersionGroup section */
	};
	rootObject = 6E5BDA451A37BE1800421C31 /* Project object */;
}
